# @generated - this file is auto-generated by `mise lock` https://mise.en.dev/dev-tools/mise-lock.html

[[tools."github:jdx/usage"]]
version = "3.5.4"
backend = "github:jdx/usage"

[tools."github:jdx/usage"."platforms.linux-arm64"]
checksum = "sha256:578049e5babd9d9ac3a31408188b623ca7b6d6edf825463e67f813cc56a26aab"
url = "https://github.com/jdx/usage/releases/download/v3.5.4/usage-aarch64-unknown-linux-gnu.tar.gz"
url_api = "https://api.github.com/repos/jdx/usage/releases/assets/468428408"
provenance = "github-attestations"

[tools."github:jdx/usage"."platforms.linux-arm64-musl"]
checksum = "sha256:6f826638194da61fc5f631a9ed25930ddc3746e8f9de97f218b36a3a899c196c"
url = "https://github.com/jdx/usage/releases/download/v3.5.4/usage-aarch64-unknown-linux-musl.tar.gz"
url_api = "https://api.github.com/repos/jdx/usage/releases/assets/468428362"
provenance = "github-attestations"

[tools."github:jdx/usage"."platforms.linux-x64"]
checksum = "sha256:21a7f868d629f456079f2e66db885d35bb6f336dda47e30879580640a92aa333"
url = "https://github.com/jdx/usage/releases/download/v3.5.4/usage-x86_64-unknown-linux-gnu.tar.gz"
url_api = "https://api.github.com/repos/jdx/usage/releases/assets/468428238"
provenance = "github-attestations"

[tools."github:jdx/usage"."platforms.linux-x64-musl"]
checksum = "sha256:642e6eb31e58db1f3cda206d0484685950a224825f5ed22eb9cc9a6d6ddbbb46"
url = "https://github.com/jdx/usage/releases/download/v3.5.4/usage-x86_64-unknown-linux-musl.tar.gz"
url_api = "https://api.github.com/repos/jdx/usage/releases/assets/468428453"
provenance = "github-attestations"

[tools."github:jdx/usage"."platforms.macos-arm64"]
checksum = "sha256:25b0fff15f030f3c08caa960174b3fb9f85be601824744424a7409dcdf1ee37a"
url = "https://github.com/jdx/usage/releases/download/v3.5.4/usage-universal-apple-darwin.tar.gz"
url_api = "https://api.github.com/repos/jdx/usage/releases/assets/468433769"
provenance = "github-attestations"

[tools."github:jdx/usage"."platforms.macos-x64"]
checksum = "sha256:25b0fff15f030f3c08caa960174b3fb9f85be601824744424a7409dcdf1ee37a"
url = "https://github.com/jdx/usage/releases/download/v3.5.4/usage-universal-apple-darwin.tar.gz"
url_api = "https://api.github.com/repos/jdx/usage/releases/assets/468433769"
provenance = "github-attestations"

[tools."github:jdx/usage"."platforms.windows-x64"]
checksum = "sha256:61dbc0aedc54696c6201d1e8f107348b30706a47e23a44c08280c3c7f63b6804"
url = "https://github.com/jdx/usage/releases/download/v3.5.4/usage-x86_64-pc-windows-msvc.zip"
url_api = "https://api.github.com/repos/jdx/usage/releases/assets/468428934"
provenance = "github-attestations"
